// !$*UTF8*$!
{
	archiveVersion = 1;
	classes = {
	};
	objectVersion = 47;
	objects = {

/* Begin PBXBuildFile section */
		6463A172CF1067119FD29A67 /* Pods_Pregunta_Lobo.framework in Frameworks */ = {isa = PBXBuildFile; fileRef = 1B4D1BE26F07FA6AF6B4F091 /* Pods_Pregunta_Lobo.framework */; };
		9318B2CA1BE6ED3D00C34E9B /* CategoriesModel.swift in Sources */ = {isa = PBXBuildFile; fileRef = 9318B2C91BE6ED3D00C34E9B /* CategoriesModel.swift */; };
		9364F1721C48864B00289C0B /* asociacionesdb.db in Resources */ = {isa = PBXBuildFile; fileRef = 9364F1711C48864B00289C0B /* asociacionesdb.db */; };
		937CCA431BE7E82B00532B59 /* AbreviacionModel.swift in Sources */ = {isa = PBXBuildFile; fileRef = 937CCA421BE7E82B00532B59 /* AbreviacionModel.swift */; };
		937CCA451BE7EE0700532B59 /* InfoModel.swift in Sources */ = {isa = PBXBuildFile; fileRef = 937CCA441BE7EE0700532B59 /* InfoModel.swift */; };
		939676341C4825A100AF1B41 /* Map.db in Resources */ = {isa = PBXBuildFile; fileRef = 939676321C4825A100AF1B41 /* Map.db */; };
		939676351C4825A100AF1B41 /* testdb.db in Resources */ = {isa = PBXBuildFile; fileRef = 939676331C4825A100AF1B41 /* testdb.db */; };
		9396880B1BE2876E00538389 /* TablaAsociaciones.swift in Sources */ = {isa = PBXBuildFile; fileRef = 9396880A1BE2876E00538389 /* TablaAsociaciones.swift */; };
		939B7A731C7F73FB00035005 /* CosmosDistrib.swift in Sources */ = {isa = PBXBuildFile; fileRef = 939B7A721C7F73FB00035005 /* CosmosDistrib.swift */; };
		93B3DCC51BE291490048BEA8 /* InfoViewController.swift in Sources */ = {isa = PBXBuildFile; fileRef = 93B3DCC41BE291490048BEA8 /* InfoViewController.swift */; };
		93BE22DD1CDBAFDA003087C9 /* Utility.swift in Sources */ = {isa = PBXBuildFile; fileRef = 93BE22DC1CDBAFDA003087C9 /* Utility.swift */; };
		93BE22DF1CDBAFF9003087C9 /* AppDelegate.swift in Sources */ = {isa = PBXBuildFile; fileRef = 93BE22DE1CDBAFF9003087C9 /* AppDelegate.swift */; };
		93BE230C1CDBB05A003087C9 /* SocketIOManager.swift in Sources */ = {isa = PBXBuildFile; fileRef = 93BE230B1CDBB05A003087C9 /* SocketIOManager.swift */; };
		93C25E211C09330D00F2301D /* WriteToTextFIle.swift in Sources */ = {isa = PBXBuildFile; fileRef = 93C25E201C09330D00F2301D /* WriteToTextFIle.swift */; };
		93E3D6E21BD711440063B0A6 /* FMDatabase.m in Sources */ = {isa = PBXBuildFile; fileRef = 93E3D6D81BD711440063B0A6 /* FMDatabase.m */; };
		93E3D6E31BD711440063B0A6 /* FMDatabaseAdditions.m in Sources */ = {isa = PBXBuildFile; fileRef = 93E3D6DA1BD711440063B0A6 /* FMDatabaseAdditions.m */; };
		93E3D6E41BD711440063B0A6 /* FMDatabasePool.m in Sources */ = {isa = PBXBuildFile; fileRef = 93E3D6DC1BD711440063B0A6 /* FMDatabasePool.m */; };
		93E3D6E51BD711440063B0A6 /* FMDatabaseQueue.m in Sources */ = {isa = PBXBuildFile; fileRef = 93E3D6DE1BD711440063B0A6 /* FMDatabaseQueue.m */; };
		93E3D6E61BD711440063B0A6 /* FMResultSet.m in Sources */ = {isa = PBXBuildFile; fileRef = 93E3D6E11BD711440063B0A6 /* FMResultSet.m */; };
		93E3D6E81BD7118E0063B0A6 /* libsqlite3.0.tbd in Frameworks */ = {isa = PBXBuildFile; fileRef = 93E3D6E71BD7118E0063B0A6 /* libsqlite3.0.tbd */; };
		93E3D6ED1BD714ED0063B0A6 /* Node.swift in Sources */ = {isa = PBXBuildFile; fileRef = 93E3D6EC1BD714ED0063B0A6 /* Node.swift */; };
		93E3D6EF1BD715040063B0A6 /* List.swift in Sources */ = {isa = PBXBuildFile; fileRef = 93E3D6EE1BD715040063B0A6 /* List.swift */; };
		93E3D6F11BD7150E0063B0A6 /* Stack.swift in Sources */ = {isa = PBXBuildFile; fileRef = 93E3D6F01BD7150E0063B0A6 /* Stack.swift */; };
		93E3D6F41BD7159A0063B0A6 /* Keywords.swift in Sources */ = {isa = PBXBuildFile; fileRef = 93E3D6F31BD7159A0063B0A6 /* Keywords.swift */; };
		93E3D6F61BD715A50063B0A6 /* Concepts.swift in Sources */ = {isa = PBXBuildFile; fileRef = 93E3D6F51BD715A50063B0A6 /* Concepts.swift */; };
		93E3D6F81BD715AE0063B0A6 /* Answers.swift in Sources */ = {isa = PBXBuildFile; fileRef = 93E3D6F71BD715AE0063B0A6 /* Answers.swift */; };
		93E3D6FC1BD716640063B0A6 /* QuestionModel.swift in Sources */ = {isa = PBXBuildFile; fileRef = 93E3D6FB1BD716640063B0A6 /* QuestionModel.swift */; };
		9A352A911B4F7256002D4363 /* CategoriesTableViewController.swift in Sources */ = {isa = PBXBuildFile; fileRef = 9A352A901B4F7256002D4363 /* CategoriesTableViewController.swift */; };
		9A352A931B4F7446002D4363 /* MapViewController.swift in Sources */ = {isa = PBXBuildFile; fileRef = 9A352A921B4F7446002D4363 /* MapViewController.swift */; };
		9A42DB461C251F2300B4DDDE /* WeatherViewController.swift in Sources */ = {isa = PBXBuildFile; fileRef = 9A42DB451C251F2300B4DDDE /* WeatherViewController.swift */; };
		9A469D8A1BCCA481005A4910 /* AbreviacionTableViewController.swift in Sources */ = {isa = PBXBuildFile; fileRef = 9A469D891BCCA481005A4910 /* AbreviacionTableViewController.swift */; };
		9A480D7E1BB5B491000CC1DF /* AboutViewController.swift in Sources */ = {isa = PBXBuildFile; fileRef = 9A480D7D1BB5B491000CC1DF /* AboutViewController.swift */; };
		9A4EA1111B4737A0006E0EEE /* QuestionViewController.swift in Sources */ = {isa = PBXBuildFile; fileRef = 9A4EA1101B4737A0006E0EEE /* QuestionViewController.swift */; };
		9A4EA1141B4737A0006E0EEE /* Main.storyboard in Resources */ = {isa = PBXBuildFile; fileRef = 9A4EA1121B4737A0006E0EEE /* Main.storyboard */; };
		9A4EA1161B4737A0006E0EEE /* Images.xcassets in Resources */ = {isa = PBXBuildFile; fileRef = 9A4EA1151B4737A0006E0EEE /* Images.xcassets */; };
		9A4EA1191B4737A0006E0EEE /* LaunchScreen.xib in Resources */ = {isa = PBXBuildFile; fileRef = 9A4EA1171B4737A0006E0EEE /* LaunchScreen.xib */; };
		9A4EA1251B4737A0006E0EEE /* Pregunta_Lobo_First_PrototypeTests.swift in Sources */ = {isa = PBXBuildFile; fileRef = 9A4EA1241B4737A0006E0EEE /* Pregunta_Lobo_First_PrototypeTests.swift */; };
		B118D391141159D75624AD67 /* Pods_Pregunta_LoboTests.framework in Frameworks */ = {isa = PBXBuildFile; fileRef = E5FACE6B4D0DAA91EC66DF89 /* Pods_Pregunta_LoboTests.framework */; };
		EA0F6FE51BD74BFA006BD4CE /* MapKit.framework in Frameworks */ = {isa = PBXBuildFile; fileRef = EA0F6FE41BD74BFA006BD4CE /* MapKit.framework */; };
		EA2E00B81DFAF09900CFA07D /* iPod.storyboard in Resources */ = {isa = PBXBuildFile; fileRef = EA2E00BA1DFAF09900CFA07D /* iPod.storyboard */; };
		EA36C5671DF9CF4400DF6A3F /* GoogleService-Info.plist in Resources */ = {isa = PBXBuildFile; fileRef = EA36C5661DF9CF4400DF6A3F /* GoogleService-Info.plist */; };
		EA5FAEA91DF9BE1600CDD694 /* switchTableView.swift in Sources */ = {isa = PBXBuildFile; fileRef = EA5FAEA81DF9BE1600CDD694 /* switchTableView.swift */; };
		EA5FAEAB1DF9BE2000CDD694 /* TableViewCells.swift in Sources */ = {isa = PBXBuildFile; fileRef = EA5FAEAA1DF9BE2000CDD694 /* TableViewCells.swift */; };
		EA60560320012B5900EB1F22 /* buttonDesign.swift in Sources */ = {isa = PBXBuildFile; fileRef = EA60560220012B5900EB1F22 /* buttonDesign.swift */; };
		EA63DADD1FFEFA2E00A857EC /* CalendarViewController.swift in Sources */ = {isa = PBXBuildFile; fileRef = EA63DADC1FFEFA2E00A857EC /* CalendarViewController.swift */; };
		EA63DAE01FFEFBF500A857EC /* DesignableView.swift in Sources */ = {isa = PBXBuildFile; fileRef = EA63DADF1FFEFBF500A857EC /* DesignableView.swift */; };
		EA63DAE21FFEFC4000A857EC /* Events.swift in Sources */ = {isa = PBXBuildFile; fileRef = EA63DAE11FFEFC4000A857EC /* Events.swift */; };
		EA63DAE41FFEFC7700A857EC /* detailsViewController.swift in Sources */ = {isa = PBXBuildFile; fileRef = EA63DAE31FFEFC7700A857EC /* detailsViewController.swift */; };
		EA63DAE61FFEFCCE00A857EC /* addToCalendarViewController.swift in Sources */ = {isa = PBXBuildFile; fileRef = EA63DAE51FFEFCCE00A857EC /* addToCalendarViewController.swift */; };
		EA63DAE81FFEFD0700A857EC /* CustomTableViewCell.swift in Sources */ = {isa = PBXBuildFile; fileRef = EA63DAE71FFEFD0700A857EC /* CustomTableViewCell.swift */; };
		EA63DAEA1FFEFD5900A857EC /* FormattingDateGet.swift in Sources */ = {isa = PBXBuildFile; fileRef = EA63DAE91FFEFD5900A857EC /* FormattingDateGet.swift */; };
		EA81D2DC1BFD58DD009707F1 /* TablaMapa.swift in Sources */ = {isa = PBXBuildFile; fileRef = EA81D2DB1BFD58DD009707F1 /* TablaMapa.swift */; };
		EA81D2E11BFD5B1B009707F1 /* MapModel.swift in Sources */ = {isa = PBXBuildFile; fileRef = EA81D2E01BFD5B1B009707F1 /* MapModel.swift */; };
		EA81D2E31BFD5FE7009707F1 /* MapInfoModel.swift in Sources */ = {isa = PBXBuildFile; fileRef = EA81D2E21BFD5FE7009707F1 /* MapInfoModel.swift */; };
		EA8B84CE1BFD44D700C61DD8 /* MapInfoViewController.swift in Sources */ = {isa = PBXBuildFile; fileRef = EA8B84CD1BFD44D700C61DD8 /* MapInfoViewController.swift */; };
		EA982339207BE90300C99C0D /* NotificationViewController.swift in Sources */ = {isa = PBXBuildFile; fileRef = EA982338207BE90300C99C0D /* NotificationViewController.swift */; };
		EA98233B207BE97A00C99C0D /* NotificationModel.swift in Sources */ = {isa = PBXBuildFile; fileRef = EA98233A207BE97A00C99C0D /* NotificationModel.swift */; };
		EA98233D207BEA5D00C99C0D /* viewControllerTableViewCell.swift in Sources */ = {isa = PBXBuildFile; fileRef = EA98233C207BEA5D00C99C0D /* viewControllerTableViewCell.swift */; };
		EA982340207BED9700C99C0D /* CoreDataModel.xcdatamodeld in Sources */ = {isa = PBXBuildFile; fileRef = EA98233E207BED9700C99C0D /* CoreDataModel.xcdatamodeld */; };
		EA982342207BF39E00C99C0D /* CoreDataHandler.swift in Sources */ = {isa = PBXBuildFile; fileRef = EA982341207BF39E00C99C0D /* CoreDataHandler.swift */; };
		EAFD845B207D2D2B00F38F46 /* TopicDataHandler.swift in Sources */ = {isa = PBXBuildFile; fileRef = EAFD845A207D2D2B00F38F46 /* TopicDataHandler.swift */; };
/* End PBXBuildFile section */

/* Begin PBXContainerItemProxy section */
		9A4EA11F1B4737A0006E0EEE /* PBXContainerItemProxy */ = {
			isa = PBXContainerItemProxy;
			containerPortal = 9A4EA1011B4737A0006E0EEE /* Project object */;
			proxyType = 1;
			remoteGlobalIDString = 9A4EA1081B4737A0006E0EEE;
			remoteInfo = "Pregunta Lobo First Prototype";
		};
/* End PBXContainerItemProxy section */

/* Begin PBXFileReference section */
		1B4D1BE26F07FA6AF6B4F091 /* Pods_Pregunta_Lobo.framework */ = {isa = PBXFileReference; explicitFileType = wrapper.framework; includeInIndex = 0; path = Pods_Pregunta_Lobo.framework; sourceTree = BUILT_PRODUCTS_DIR; };
		35E6CAA3116EB9A10BB12F84 /* Pods-Pregunta Lobo.release.xcconfig */ = {isa = PBXFileReference; includeInIndex = 1; lastKnownFileType = text.xcconfig; name = "Pods-Pregunta Lobo.release.xcconfig"; path = "Pods/Target Support Files/Pods-Pregunta Lobo/Pods-Pregunta Lobo.release.xcconfig"; sourceTree = "<group>"; };
		3C3F7995C1D2FAB134C2E7D9 /* Pods-Pregunta LoboTests.release.xcconfig */ = {isa = PBXFileReference; includeInIndex = 1; lastKnownFileType = text.xcconfig; name = "Pods-Pregunta LoboTests.release.xcconfig"; path = "Pods/Target Support Files/Pods-Pregunta LoboTests/Pods-Pregunta LoboTests.release.xcconfig"; sourceTree = "<group>"; };
		90F9517F33EDFAB8E186C5D3 /* Pods-Pregunta Lobo.debug.xcconfig */ = {isa = PBXFileReference; includeInIndex = 1; lastKnownFileType = text.xcconfig; name = "Pods-Pregunta Lobo.debug.xcconfig"; path = "Pods/Target Support Files/Pods-Pregunta Lobo/Pods-Pregunta Lobo.debug.xcconfig"; sourceTree = "<group>"; };
		9318B2C91BE6ED3D00C34E9B /* CategoriesModel.swift */ = {isa = PBXFileReference; fileEncoding = 4; lastKnownFileType = sourcecode.swift; path = CategoriesModel.swift; sourceTree = "<group>"; };
		9364F1711C48864B00289C0B /* asociacionesdb.db */ = {isa = PBXFileReference; lastKnownFileType = file; name = asociacionesdb.db; path = databases/asociacionesdb.db; sourceTree = SOURCE_ROOT; };
		937CCA421BE7E82B00532B59 /* AbreviacionModel.swift */ = {isa = PBXFileReference; fileEncoding = 4; lastKnownFileType = sourcecode.swift; path = AbreviacionModel.swift; sourceTree = "<group>"; };
		937CCA441BE7EE0700532B59 /* InfoModel.swift */ = {isa = PBXFileReference; fileEncoding = 4; lastKnownFileType = sourcecode.swift; path = InfoModel.swift; sourceTree = "<group>"; };
		939676321C4825A100AF1B41 /* Map.db */ = {isa = PBXFileReference; lastKnownFileType = file; name = Map.db; path = databases/Map.db; sourceTree = SOURCE_ROOT; };
		939676331C4825A100AF1B41 /* testdb.db */ = {isa = PBXFileReference; lastKnownFileType = file; name = testdb.db; path = databases/testdb.db; sourceTree = SOURCE_ROOT; };
		9396880A1BE2876E00538389 /* TablaAsociaciones.swift */ = {isa = PBXFileReference; fileEncoding = 4; lastKnownFileType = sourcecode.swift; path = TablaAsociaciones.swift; sourceTree = "<group>"; };
		939B7A721C7F73FB00035005 /* CosmosDistrib.swift */ = {isa = PBXFileReference; fileEncoding = 4; lastKnownFileType = sourcecode.swift; path = CosmosDistrib.swift; sourceTree = "<group>"; };
		93B3DCC41BE291490048BEA8 /* InfoViewController.swift */ = {isa = PBXFileReference; fileEncoding = 4; lastKnownFileType = sourcecode.swift; path = InfoViewController.swift; sourceTree = "<group>"; };
		93BE22DC1CDBAFDA003087C9 /* Utility.swift */ = {isa = PBXFileReference; fileEncoding = 4; lastKnownFileType = sourcecode.swift; path = Utility.swift; sourceTree = "<group>"; };
		93BE22DE1CDBAFF9003087C9 /* AppDelegate.swift */ = {isa = PBXFileReference; fileEncoding = 4; lastKnownFileType = sourcecode.swift; path = AppDelegate.swift; sourceTree = "<group>"; };
		93BE230B1CDBB05A003087C9 /* SocketIOManager.swift */ = {isa = PBXFileReference; fileEncoding = 4; lastKnownFileType = sourcecode.swift; path = SocketIOManager.swift; sourceTree = "<group>"; };
		93C25E201C09330D00F2301D /* WriteToTextFIle.swift */ = {isa = PBXFileReference; fileEncoding = 4; lastKnownFileType = sourcecode.swift; path = WriteToTextFIle.swift; sourceTree = "<group>"; };
		93E3D6D61BD711430063B0A6 /* Pregunta Lobo First Prototype-Bridging-Header.h */ = {isa = PBXFileReference; lastKnownFileType = sourcecode.c.h; path = "Pregunta Lobo First Prototype-Bridging-Header.h"; sourceTree = "<group>"; };
		93E3D6D71BD711440063B0A6 /* FMDatabase.h */ = {isa = PBXFileReference; fileEncoding = 4; lastKnownFileType = sourcecode.c.h; path = FMDatabase.h; sourceTree = "<group>"; };
		93E3D6D81BD711440063B0A6 /* FMDatabase.m */ = {isa = PBXFileReference; fileEncoding = 4; lastKnownFileType = sourcecode.c.objc; path = FMDatabase.m; sourceTree = "<group>"; };
		93E3D6D91BD711440063B0A6 /* FMDatabaseAdditions.h */ = {isa = PBXFileReference; fileEncoding = 4; lastKnownFileType = sourcecode.c.h; path = FMDatabaseAdditions.h; sourceTree = "<group>"; };
		93E3D6DA1BD711440063B0A6 /* FMDatabaseAdditions.m */ = {isa = PBXFileReference; fileEncoding = 4; lastKnownFileType = sourcecode.c.objc; path = FMDatabaseAdditions.m; sourceTree = "<group>"; };
		93E3D6DB1BD711440063B0A6 /* FMDatabasePool.h */ = {isa = PBXFileReference; fileEncoding = 4; lastKnownFileType = sourcecode.c.h; path = FMDatabasePool.h; sourceTree = "<group>"; };
		93E3D6DC1BD711440063B0A6 /* FMDatabasePool.m */ = {isa = PBXFileReference; fileEncoding = 4; lastKnownFileType = sourcecode.c.objc; path = FMDatabasePool.m; sourceTree = "<group>"; };
		93E3D6DD1BD711440063B0A6 /* FMDatabaseQueue.h */ = {isa = PBXFileReference; fileEncoding = 4; lastKnownFileType = sourcecode.c.h; path = FMDatabaseQueue.h; sourceTree = "<group>"; };
		93E3D6DE1BD711440063B0A6 /* FMDatabaseQueue.m */ = {isa = PBXFileReference; fileEncoding = 4; lastKnownFileType = sourcecode.c.objc; path = FMDatabaseQueue.m; sourceTree = "<group>"; };
		93E3D6DF1BD711440063B0A6 /* FMDB.h */ = {isa = PBXFileReference; fileEncoding = 4; lastKnownFileType = sourcecode.c.h; path = FMDB.h; sourceTree = "<group>"; };
		93E3D6E01BD711440063B0A6 /* FMResultSet.h */ = {isa = PBXFileReference; fileEncoding = 4; lastKnownFileType = sourcecode.c.h; path = FMResultSet.h; sourceTree = "<group>"; };
		93E3D6E11BD711440063B0A6 /* FMResultSet.m */ = {isa = PBXFileReference; fileEncoding = 4; lastKnownFileType = sourcecode.c.objc; path = FMResultSet.m; sourceTree = "<group>"; };
		93E3D6E71BD7118E0063B0A6 /* libsqlite3.0.tbd */ = {isa = PBXFileReference; lastKnownFileType = "sourcecode.text-based-dylib-definition"; name = libsqlite3.0.tbd; path = usr/lib/libsqlite3.0.tbd; sourceTree = SDKROOT; };
		93E3D6EC1BD714ED0063B0A6 /* Node.swift */ = {isa = PBXFileReference; fileEncoding = 4; lastKnownFileType = sourcecode.swift; path = Node.swift; sourceTree = "<group>"; };
		93E3D6EE1BD715040063B0A6 /* List.swift */ = {isa = PBXFileReference; fileEncoding = 4; lastKnownFileType = sourcecode.swift; path = List.swift; sourceTree = "<group>"; };
		93E3D6F01BD7150E0063B0A6 /* Stack.swift */ = {isa = PBXFileReference; fileEncoding = 4; lastKnownFileType = sourcecode.swift; path = Stack.swift; sourceTree = "<group>"; };
		93E3D6F31BD7159A0063B0A6 /* Keywords.swift */ = {isa = PBXFileReference; fileEncoding = 4; lastKnownFileType = sourcecode.swift; path = Keywords.swift; sourceTree = "<group>"; };
		93E3D6F51BD715A50063B0A6 /* Concepts.swift */ = {isa = PBXFileReference; fileEncoding = 4; lastKnownFileType = sourcecode.swift; path = Concepts.swift; sourceTree = "<group>"; };
		93E3D6F71BD715AE0063B0A6 /* Answers.swift */ = {isa = PBXFileReference; fileEncoding = 4; lastKnownFileType = sourcecode.swift; path = Answers.swift; sourceTree = "<group>"; };
		93E3D6FB1BD716640063B0A6 /* QuestionModel.swift */ = {isa = PBXFileReference; fileEncoding = 4; lastKnownFileType = sourcecode.swift; path = QuestionModel.swift; sourceTree = "<group>"; };
		9A352A901B4F7256002D4363 /* CategoriesTableViewController.swift */ = {isa = PBXFileReference; fileEncoding = 4; lastKnownFileType = sourcecode.swift; path = CategoriesTableViewController.swift; sourceTree = "<group>"; };
		9A352A921B4F7446002D4363 /* MapViewController.swift */ = {isa = PBXFileReference; fileEncoding = 4; lastKnownFileType = sourcecode.swift; path = MapViewController.swift; sourceTree = "<group>"; };
		9A42DB451C251F2300B4DDDE /* WeatherViewController.swift */ = {isa = PBXFileReference; fileEncoding = 4; lastKnownFileType = sourcecode.swift; path = WeatherViewController.swift; sourceTree = "<group>"; };
		9A469D891BCCA481005A4910 /* AbreviacionTableViewController.swift */ = {isa = PBXFileReference; fileEncoding = 4; lastKnownFileType = sourcecode.swift; path = AbreviacionTableViewController.swift; sourceTree = "<group>"; };
		9A480D7D1BB5B491000CC1DF /* AboutViewController.swift */ = {isa = PBXFileReference; fileEncoding = 4; lastKnownFileType = sourcecode.swift; path = AboutViewController.swift; sourceTree = "<group>"; };
		9A4EA1091B4737A0006E0EEE /* Pregunta Lobo.app */ = {isa = PBXFileReference; explicitFileType = wrapper.application; includeInIndex = 0; path = "Pregunta Lobo.app"; sourceTree = BUILT_PRODUCTS_DIR; };
		9A4EA10D1B4737A0006E0EEE /* Info.plist */ = {isa = PBXFileReference; lastKnownFileType = text.plist.xml; path = Info.plist; sourceTree = "<group>"; };
		9A4EA1101B4737A0006E0EEE /* QuestionViewController.swift */ = {isa = PBXFileReference; lastKnownFileType = sourcecode.swift; path = QuestionViewController.swift; sourceTree = "<group>"; };
		9A4EA1131B4737A0006E0EEE /* Base */ = {isa = PBXFileReference; lastKnownFileType = file.storyboard; name = Base; path = Base.lproj/Main.storyboard; sourceTree = "<group>"; };
		9A4EA1151B4737A0006E0EEE /* Images.xcassets */ = {isa = PBXFileReference; lastKnownFileType = folder.assetcatalog; path = Images.xcassets; sourceTree = "<group>"; };
		9A4EA1181B4737A0006E0EEE /* Base */ = {isa = PBXFileReference; lastKnownFileType = file.xib; name = Base; path = Base.lproj/LaunchScreen.xib; sourceTree = "<group>"; };
		9A4EA11E1B4737A0006E0EEE /* Pregunta Lobo.xctest */ = {isa = PBXFileReference; explicitFileType = wrapper.cfbundle; includeInIndex = 0; path = "Pregunta Lobo.xctest"; sourceTree = BUILT_PRODUCTS_DIR; };
		9A4EA1231B4737A0006E0EEE /* Info.plist */ = {isa = PBXFileReference; lastKnownFileType = text.plist.xml; path = Info.plist; sourceTree = "<group>"; };
		9A4EA1241B4737A0006E0EEE /* Pregunta_Lobo_First_PrototypeTests.swift */ = {isa = PBXFileReference; lastKnownFileType = sourcecode.swift; path = Pregunta_Lobo_First_PrototypeTests.swift; sourceTree = "<group>"; };
		E5FACE6B4D0DAA91EC66DF89 /* Pods_Pregunta_LoboTests.framework */ = {isa = PBXFileReference; explicitFileType = wrapper.framework; includeInIndex = 0; path = Pods_Pregunta_LoboTests.framework; sourceTree = BUILT_PRODUCTS_DIR; };
		EA0F6FE41BD74BFA006BD4CE /* MapKit.framework */ = {isa = PBXFileReference; lastKnownFileType = wrapper.framework; name = MapKit.framework; path = System/Library/Frameworks/MapKit.framework; sourceTree = SDKROOT; };
		EA2E00B71DFAE7AF00CFA07D /* Pregunta Lobo.entitlements */ = {isa = PBXFileReference; lastKnownFileType = text.plist.entitlements; path = "Pregunta Lobo.entitlements"; sourceTree = "<group>"; };
		EA2E00B91DFAF09900CFA07D /* Base */ = {isa = PBXFileReference; lastKnownFileType = file.storyboard; name = Base; path = Base.lproj/iPod.storyboard; sourceTree = "<group>"; };
		EA36C5661DF9CF4400DF6A3F /* GoogleService-Info.plist */ = {isa = PBXFileReference; fileEncoding = 4; lastKnownFileType = text.plist.xml; path = "GoogleService-Info.plist"; sourceTree = "<group>"; };
		EA5FAEA81DF9BE1600CDD694 /* switchTableView.swift */ = {isa = PBXFileReference; fileEncoding = 4; lastKnownFileType = sourcecode.swift; path = switchTableView.swift; sourceTree = "<group>"; };
		EA5FAEAA1DF9BE2000CDD694 /* TableViewCells.swift */ = {isa = PBXFileReference; fileEncoding = 4; lastKnownFileType = sourcecode.swift; path = TableViewCells.swift; sourceTree = "<group>"; };
		EA60560220012B5900EB1F22 /* buttonDesign.swift */ = {isa = PBXFileReference; lastKnownFileType = sourcecode.swift; path = buttonDesign.swift; sourceTree = "<group>"; };
		EA63DADC1FFEFA2E00A857EC /* CalendarViewController.swift */ = {isa = PBXFileReference; lastKnownFileType = sourcecode.swift; path = CalendarViewController.swift; sourceTree = "<group>"; };
		EA63DADF1FFEFBF500A857EC /* DesignableView.swift */ = {isa = PBXFileReference; lastKnownFileType = sourcecode.swift; path = DesignableView.swift; sourceTree = "<group>"; };
		EA63DAE11FFEFC4000A857EC /* Events.swift */ = {isa = PBXFileReference; lastKnownFileType = sourcecode.swift; path = Events.swift; sourceTree = "<group>"; };
		EA63DAE31FFEFC7700A857EC /* detailsViewController.swift */ = {isa = PBXFileReference; lastKnownFileType = sourcecode.swift; path = detailsViewController.swift; sourceTree = "<group>"; };
		EA63DAE51FFEFCCE00A857EC /* addToCalendarViewController.swift */ = {isa = PBXFileReference; lastKnownFileType = sourcecode.swift; path = addToCalendarViewController.swift; sourceTree = "<group>"; };
		EA63DAE71FFEFD0700A857EC /* CustomTableViewCell.swift */ = {isa = PBXFileReference; lastKnownFileType = sourcecode.swift; path = CustomTableViewCell.swift; sourceTree = "<group>"; };
		EA63DAE91FFEFD5900A857EC /* FormattingDateGet.swift */ = {isa = PBXFileReference; lastKnownFileType = sourcecode.swift; path = FormattingDateGet.swift; sourceTree = "<group>"; };
		EA81D2DB1BFD58DD009707F1 /* TablaMapa.swift */ = {isa = PBXFileReference; fileEncoding = 4; lastKnownFileType = sourcecode.swift; path = TablaMapa.swift; sourceTree = "<group>"; };
		EA81D2E01BFD5B1B009707F1 /* MapModel.swift */ = {isa = PBXFileReference; fileEncoding = 4; lastKnownFileType = sourcecode.swift; path = MapModel.swift; sourceTree = "<group>"; };
		EA81D2E21BFD5FE7009707F1 /* MapInfoModel.swift */ = {isa = PBXFileReference; fileEncoding = 4; lastKnownFileType = sourcecode.swift; path = MapInfoModel.swift; sourceTree = "<group>"; };
		EA8B84CD1BFD44D700C61DD8 /* MapInfoViewController.swift */ = {isa = PBXFileReference; fileEncoding = 4; lastKnownFileType = sourcecode.swift; path = MapInfoViewController.swift; sourceTree = "<group>"; };
		EA982338207BE90300C99C0D /* NotificationViewController.swift */ = {isa = PBXFileReference; lastKnownFileType = sourcecode.swift; path = NotificationViewController.swift; sourceTree = "<group>"; };
		EA98233A207BE97A00C99C0D /* NotificationModel.swift */ = {isa = PBXFileReference; lastKnownFileType = sourcecode.swift; path = NotificationModel.swift; sourceTree = "<group>"; };
		EA98233C207BEA5D00C99C0D /* viewControllerTableViewCell.swift */ = {isa = PBXFileReference; lastKnownFileType = sourcecode.swift; path = viewControllerTableViewCell.swift; sourceTree = "<group>"; };
		EA98233F207BED9700C99C0D /* CoreDataModel.xcdatamodel */ = {isa = PBXFileReference; lastKnownFileType = wrapper.xcdatamodel; path = CoreDataModel.xcdatamodel; sourceTree = "<group>"; };
		EA982341207BF39E00C99C0D /* CoreDataHandler.swift */ = {isa = PBXFileReference; lastKnownFileType = sourcecode.swift; path = CoreDataHandler.swift; sourceTree = "<group>"; };
		EAFD845A207D2D2B00F38F46 /* TopicDataHandler.swift */ = {isa = PBXFileReference; lastKnownFileType = sourcecode.swift; path = TopicDataHandler.swift; sourceTree = "<group>"; };
		F53FD0CD6DCE8499D6D43AC4 /* Pods-Pregunta LoboTests.debug.xcconfig */ = {isa = PBXFileReference; includeInIndex = 1; lastKnownFileType = text.xcconfig; name = "Pods-Pregunta LoboTests.debug.xcconfig"; path = "Pods/Target Support Files/Pods-Pregunta LoboTests/Pods-Pregunta LoboTests.debug.xcconfig"; sourceTree = "<group>"; };
/* End PBXFileReference section */

/* Begin PBXFrameworksBuildPhase section */
		9A4EA1061B4737A0006E0EEE /* Frameworks */ = {
			isa = PBXFrameworksBuildPhase;
			buildActionMask = 2147483647;
			files = (
				EA0F6FE51BD74BFA006BD4CE /* MapKit.framework in Frameworks */,
				93E3D6E81BD7118E0063B0A6 /* libsqlite3.0.tbd in Frameworks */,
				6463A172CF1067119FD29A67 /* Pods_Pregunta_Lobo.framework in Frameworks */,
			);
			runOnlyForDeploymentPostprocessing = 0;
		};
		9A4EA11B1B4737A0006E0EEE /* Frameworks */ = {
			isa = PBXFrameworksBuildPhase;
			buildActionMask = 2147483647;
			files = (
				B118D391141159D75624AD67 /* Pods_Pregunta_LoboTests.framework in Frameworks */,
			);
			runOnlyForDeploymentPostprocessing = 0;
		};
/* End PBXFrameworksBuildPhase section */

/* Begin PBXGroup section */
		7D35CD555CFFA2FFAB9F558B /* Frameworks */ = {
			isa = PBXGroup;
			children = (
				1B4D1BE26F07FA6AF6B4F091 /* Pods_Pregunta_Lobo.framework */,
				E5FACE6B4D0DAA91EC66DF89 /* Pods_Pregunta_LoboTests.framework */,
			);
			name = Frameworks;
			sourceTree = "<group>";
		};
		83870090FBD14DDEC6C149FA /* Pods */ = {
			isa = PBXGroup;
			children = (
				90F9517F33EDFAB8E186C5D3 /* Pods-Pregunta Lobo.debug.xcconfig */,
				35E6CAA3116EB9A10BB12F84 /* Pods-Pregunta Lobo.release.xcconfig */,
				F53FD0CD6DCE8499D6D43AC4 /* Pods-Pregunta LoboTests.debug.xcconfig */,
				3C3F7995C1D2FAB134C2E7D9 /* Pods-Pregunta LoboTests.release.xcconfig */,
			);
			name = Pods;
			sourceTree = "<group>";
		};
		93E3D6D11BD70CE00063B0A6 /* Pregunta */ = {
			isa = PBXGroup;
			children = (
				93E3D6F21BD7156F0063B0A6 /* Tables */,
				93E3D6EB1BD714D00063B0A6 /* Data Structures */,
				9A4EA1101B4737A0006E0EEE /* QuestionViewController.swift */,
				93E3D6FB1BD716640063B0A6 /* QuestionModel.swift */,
			);
			name = Pregunta;
			sourceTree = "<group>";
		};
		93E3D6D21BD70D0F0063B0A6 /* Asociaciones */ = {
			isa = PBXGroup;
			children = (
				9396880A1BE2876E00538389 /* TablaAsociaciones.swift */,
				9A352A901B4F7256002D4363 /* CategoriesTableViewController.swift */,
				9318B2C91BE6ED3D00C34E9B /* CategoriesModel.swift */,
				9A469D891BCCA481005A4910 /* AbreviacionTableViewController.swift */,
				937CCA421BE7E82B00532B59 /* AbreviacionModel.swift */,
				93B3DCC41BE291490048BEA8 /* InfoViewController.swift */,
				937CCA441BE7EE0700532B59 /* InfoModel.swift */,
			);
			name = Asociaciones;
			sourceTree = "<group>";
		};
		93E3D6D31BD70D390063B0A6 /* Mapa */ = {
			isa = PBXGroup;
			children = (
				9A352A921B4F7446002D4363 /* MapViewController.swift */,
				EA81D2E01BFD5B1B009707F1 /* MapModel.swift */,
				EA8B84CD1BFD44D700C61DD8 /* MapInfoViewController.swift */,
				EA81D2E21BFD5FE7009707F1 /* MapInfoModel.swift */,
				EA81D2DB1BFD58DD009707F1 /* TablaMapa.swift */,
				9A42DB451C251F2300B4DDDE /* WeatherViewController.swift */,
			);
			name = Mapa;
			sourceTree = "<group>";
		};
		93E3D6D41BD70D520063B0A6 /* About */ = {
			isa = PBXGroup;
			children = (
				9A480D7D1BB5B491000CC1DF /* AboutViewController.swift */,
				939B7A721C7F73FB00035005 /* CosmosDistrib.swift */,
			);
			name = About;
			sourceTree = "<group>";
		};
		93E3D6D51BD711120063B0A6 /* FMDB */ = {
			isa = PBXGroup;
			children = (
				93BE22DC1CDBAFDA003087C9 /* Utility.swift */,
				93E3D6D71BD711440063B0A6 /* FMDatabase.h */,
				93E3D6D81BD711440063B0A6 /* FMDatabase.m */,
				93E3D6D91BD711440063B0A6 /* FMDatabaseAdditions.h */,
				93E3D6DA1BD711440063B0A6 /* FMDatabaseAdditions.m */,
				93E3D6DB1BD711440063B0A6 /* FMDatabasePool.h */,
				93E3D6DC1BD711440063B0A6 /* FMDatabasePool.m */,
				93E3D6DD1BD711440063B0A6 /* FMDatabaseQueue.h */,
				93E3D6DE1BD711440063B0A6 /* FMDatabaseQueue.m */,
				93E3D6DF1BD711440063B0A6 /* FMDB.h */,
				93E3D6E01BD711440063B0A6 /* FMResultSet.h */,
				93E3D6E11BD711440063B0A6 /* FMResultSet.m */,
				93E3D6D61BD711430063B0A6 /* Pregunta Lobo First Prototype-Bridging-Header.h */,
			);
			name = FMDB;
			sourceTree = "<group>";
		};
		93E3D6EB1BD714D00063B0A6 /* Data Structures */ = {
			isa = PBXGroup;
			children = (
				93E3D6EC1BD714ED0063B0A6 /* Node.swift */,
				93E3D6EE1BD715040063B0A6 /* List.swift */,
				93E3D6F01BD7150E0063B0A6 /* Stack.swift */,
			);
			name = "Data Structures";
			sourceTree = "<group>";
		};
		93E3D6F21BD7156F0063B0A6 /* Tables */ = {
			isa = PBXGroup;
			children = (
				93E3D6F31BD7159A0063B0A6 /* Keywords.swift */,
				93E3D6F51BD715A50063B0A6 /* Concepts.swift */,
				93E3D6F71BD715AE0063B0A6 /* Answers.swift */,
			);
			name = Tables;
			sourceTree = "<group>";
		};
		9A4EA1001B4737A0006E0EEE = {
			isa = PBXGroup;
			children = (
				EA2E00B71DFAE7AF00CFA07D /* Pregunta Lobo.entitlements */,
				9A4EA10B1B4737A0006E0EEE /* Pregunta Lobo First Prototype */,
				9A4EA1211B4737A0006E0EEE /* Pregunta Lobo First PrototypeTests */,
				9A4EA10A1B4737A0006E0EEE /* Products */,
				83870090FBD14DDEC6C149FA /* Pods */,
				7D35CD555CFFA2FFAB9F558B /* Frameworks */,
			);
			sourceTree = "<group>";
		};
		9A4EA10A1B4737A0006E0EEE /* Products */ = {
			isa = PBXGroup;
			children = (
				9A4EA1091B4737A0006E0EEE /* Pregunta Lobo.app */,
				9A4EA11E1B4737A0006E0EEE /* Pregunta Lobo.xctest */,
			);
			name = Products;
			sourceTree = "<group>";
		};
		9A4EA10B1B4737A0006E0EEE /* Pregunta Lobo First Prototype */ = {
			isa = PBXGroup;
			children = (
				EA63DADB1FFEF9FF00A857EC /* Calendario */,
				9A4EA1121B4737A0006E0EEE /* Main.storyboard */,
				EA2E00BA1DFAF09900CFA07D /* iPod.storyboard */,
				EA5FAEA71DF9BD7A00CDD694 /* Notifications */,
				93E3D6D11BD70CE00063B0A6 /* Pregunta */,
				93E3D6D21BD70D0F0063B0A6 /* Asociaciones */,
				93E3D6D31BD70D390063B0A6 /* Mapa */,
				93E3D6D41BD70D520063B0A6 /* About */,
				9A4EA10C1B4737A0006E0EEE /* Supporting Files */,
			);
			path = "Pregunta Lobo First Prototype";
			sourceTree = "<group>";
		};
		9A4EA10C1B4737A0006E0EEE /* Supporting Files */ = {
			isa = PBXGroup;
			children = (
				93E3D6D51BD711120063B0A6 /* FMDB */,
				93BE22DE1CDBAFF9003087C9 /* AppDelegate.swift */,
				93BE230B1CDBB05A003087C9 /* SocketIOManager.swift */,
				93C25E201C09330D00F2301D /* WriteToTextFIle.swift */,
				9A4EA1171B4737A0006E0EEE /* LaunchScreen.xib */,
				9A4EA1151B4737A0006E0EEE /* Images.xcassets */,
				EA0F6FE41BD74BFA006BD4CE /* MapKit.framework */,
				9364F1711C48864B00289C0B /* asociacionesdb.db */,
				939676321C4825A100AF1B41 /* Map.db */,
				939676331C4825A100AF1B41 /* testdb.db */,
				93E3D6E71BD7118E0063B0A6 /* libsqlite3.0.tbd */,
				9A4EA10D1B4737A0006E0EEE /* Info.plist */,
				EA36C5661DF9CF4400DF6A3F /* GoogleService-Info.plist */,
			);
			name = "Supporting Files";
			sourceTree = "<group>";
		};
		9A4EA1211B4737A0006E0EEE /* Pregunta Lobo First PrototypeTests */ = {
			isa = PBXGroup;
			children = (
				9A4EA1241B4737A0006E0EEE /* Pregunta_Lobo_First_PrototypeTests.swift */,
				9A4EA1221B4737A0006E0EEE /* Supporting Files */,
			);
			path = "Pregunta Lobo First PrototypeTests";
			sourceTree = "<group>";
		};
		9A4EA1221B4737A0006E0EEE /* Supporting Files */ = {
			isa = PBXGroup;
			children = (
				9A4EA1231B4737A0006E0EEE /* Info.plist */,
			);
			name = "Supporting Files";
			sourceTree = "<group>";
		};
		EA5FAEA71DF9BD7A00CDD694 /* Notifications */ = {
			isa = PBXGroup;
			children = (
				EA5FAEA81DF9BE1600CDD694 /* switchTableView.swift */,
				EA5FAEAA1DF9BE2000CDD694 /* TableViewCells.swift */,
				EA982338207BE90300C99C0D /* NotificationViewController.swift */,
				EA98233A207BE97A00C99C0D /* NotificationModel.swift */,
				EA98233C207BEA5D00C99C0D /* viewControllerTableViewCell.swift */,
				EA98233E207BED9700C99C0D /* CoreDataModel.xcdatamodeld */,
				EA982341207BF39E00C99C0D /* CoreDataHandler.swift */,
				EAFD845A207D2D2B00F38F46 /* TopicDataHandler.swift */,
			);
			name = Notifications;
			sourceTree = "<group>";
		};
		EA60560120012B4100EB1F22 /* ButtonDesign */ = {
			isa = PBXGroup;
			children = (
				EA60560220012B5900EB1F22 /* buttonDesign.swift */,
			);
			name = ButtonDesign;
			sourceTree = "<group>";
		};
		EA63DADB1FFEF9FF00A857EC /* Calendario */ = {
			isa = PBXGroup;
			children = (
				EA60560120012B4100EB1F22 /* ButtonDesign */,
				EA63DADE1FFEFBCD00A857EC /* IBDesignables */,
				EA63DADC1FFEFA2E00A857EC /* CalendarViewController.swift */,
				EA63DAE11FFEFC4000A857EC /* Events.swift */,
				EA63DAE31FFEFC7700A857EC /* detailsViewController.swift */,
				EA63DAE51FFEFCCE00A857EC /* addToCalendarViewController.swift */,
				EA63DAE71FFEFD0700A857EC /* CustomTableViewCell.swift */,
				EA63DAE91FFEFD5900A857EC /* FormattingDateGet.swift */,
			);
			name = Calendario;
			sourceTree = "<group>";
		};
		EA63DADE1FFEFBCD00A857EC /* IBDesignables */ = {
			isa = PBXGroup;
			children = (
				EA63DADF1FFEFBF500A857EC /* DesignableView.swift */,
			);
			name = IBDesignables;
			sourceTree = "<group>";
		};
/* End PBXGroup section */

/* Begin PBXNativeTarget section */
		9A4EA1081B4737A0006E0EEE /* Pregunta Lobo */ = {
			isa = PBXNativeTarget;
			buildConfigurationList = 9A4EA1281B4737A0006E0EEE /* Build configuration list for PBXNativeTarget "Pregunta Lobo" */;
			buildPhases = (
				DF26D2153C0B8A6EA3527BE1 /* [CP] Check Pods Manifest.lock */,
				9A4EA1051B4737A0006E0EEE /* Sources */,
				9A4EA1061B4737A0006E0EEE /* Frameworks */,
				9A4EA1071B4737A0006E0EEE /* Resources */,
				CD732EA0A6806E8EE7AA9397 /* [CP] Embed Pods Frameworks */,
				E05E3FC3A3307C6FA9320F8E /* [CP] Copy Pods Resources */,
			);
			buildRules = (
			);
			dependencies = (
			);
			name = "Pregunta Lobo";
			productName = "Pregunta Lobo First Prototype";
			productReference = 9A4EA1091B4737A0006E0EEE /* Pregunta Lobo.app */;
			productType = "com.apple.product-type.application";
		};
		9A4EA11D1B4737A0006E0EEE /* Pregunta LoboTests */ = {
			isa = PBXNativeTarget;
			buildConfigurationList = 9A4EA12B1B4737A0006E0EEE /* Build configuration list for PBXNativeTarget "Pregunta LoboTests" */;
			buildPhases = (
				F2CFF9283E355F507DBA83E2 /* [CP] Check Pods Manifest.lock */,
				9A4EA11A1B4737A0006E0EEE /* Sources */,
				9A4EA11B1B4737A0006E0EEE /* Frameworks */,
				9A4EA11C1B4737A0006E0EEE /* Resources */,
				FF2EE980C1C5162DB2A4451D /* [CP] Embed Pods Frameworks */,
				76C26BA67E18FCB26256DFEA /* [CP] Copy Pods Resources */,
			);
			buildRules = (
			);
			dependencies = (
				9A4EA1201B4737A0006E0EEE /* PBXTargetDependency */,
			);
			name = "Pregunta LoboTests";
			productName = "Pregunta Lobo First PrototypeTests";
			productReference = 9A4EA11E1B4737A0006E0EEE /* Pregunta Lobo.xctest */;
			productType = "com.apple.product-type.bundle.unit-test";
		};
/* End PBXNativeTarget section */

/* Begin PBXProject section */
		9A4EA1011B4737A0006E0EEE /* Project object */ = {
			isa = PBXProject;
			attributes = {
				LastSwiftMigration = 0700;
				LastSwiftUpdateCheck = 0700;
				LastUpgradeCheck = 0920;
				ORGANIZATIONNAME = "Cheylianie Rivera";
				TargetAttributes = {
					9A4EA1081B4737A0006E0EEE = {
						CreatedOnToolsVersion = 6.3.2;
						DevelopmentTeam = K2WGUSP75J;
						LastSwiftMigration = 0810;
						SystemCapabilities = {
							com.apple.BackgroundModes = {
								enabled = 1;
							};
							com.apple.Keychain = {
								enabled = 1;
							};
							com.apple.Push = {
								enabled = 1;
							};
						};
					};
					9A4EA11D1B4737A0006E0EEE = {
						CreatedOnToolsVersion = 6.3.2;
						TestTargetID = 9A4EA1081B4737A0006E0EEE;
					};
				};
			};
			buildConfigurationList = 9A4EA1041B4737A0006E0EEE /* Build configuration list for PBXProject "Pregunta Lobo" */;
			compatibilityVersion = "Xcode 6.3";
			developmentRegion = English;
			hasScannedForEncodings = 0;
			knownRegions = (
				en,
				Base,
			);
			mainGroup = 9A4EA1001B4737A0006E0EEE;
			productRefGroup = 9A4EA10A1B4737A0006E0EEE /* Products */;
			projectDirPath = "";
			projectRoot = "";
			targets = (
				9A4EA1081B4737A0006E0EEE /* Pregunta Lobo */,
				9A4EA11D1B4737A0006E0EEE /* Pregunta LoboTests */,
			);
		};
/* End PBXProject section */

/* Begin PBXResourcesBuildPhase section */
		9A4EA1071B4737A0006E0EEE /* Resources */ = {
			isa = PBXResourcesBuildPhase;
			buildActionMask = 2147483647;
			files = (
				9364F1721C48864B00289C0B /* asociacionesdb.db in Resources */,
				EA36C5671DF9CF4400DF6A3F /* GoogleService-Info.plist in Resources */,
				939676341C4825A100AF1B41 /* Map.db in Resources */,
				9A4EA1141B4737A0006E0EEE /* Main.storyboard in Resources */,
				EA2E00B81DFAF09900CFA07D /* iPod.storyboard in Resources */,
				9A4EA1191B4737A0006E0EEE /* LaunchScreen.xib in Resources */,
				9A4EA1161B4737A0006E0EEE /* Images.xcassets in Resources */,
				939676351C4825A100AF1B41 /* testdb.db in Resources */,
			);
			runOnlyForDeploymentPostprocessing = 0;
		};
		9A4EA11C1B4737A0006E0EEE /* Resources */ = {
			isa = PBXResourcesBuildPhase;
			buildActionMask = 2147483647;
			files = (
			);
			runOnlyForDeploymentPostprocessing = 0;
		};
/* End PBXResourcesBuildPhase section */

/* Begin PBXShellScriptBuildPhase section */
		76C26BA67E18FCB26256DFEA /* [CP] Copy Pods Resources */ = {
			isa = PBXShellScriptBuildPhase;
			buildActionMask = 2147483647;
			files = (
			);
			inputPaths = (
			);
			name = "[CP] Copy Pods Resources";
			outputPaths = (
			);
			runOnlyForDeploymentPostprocessing = 0;
			shellPath = /bin/sh;
			shellScript = "\"${SRCROOT}/Pods/Target Support Files/Pods-Pregunta LoboTests/Pods-Pregunta LoboTests-resources.sh\"\n";
			showEnvVarsInLog = 0;
		};
		CD732EA0A6806E8EE7AA9397 /* [CP] Embed Pods Frameworks */ = {
			isa = PBXShellScriptBuildPhase;
			buildActionMask = 2147483647;
			files = (
			);
			inputPaths = (
			);
			name = "[CP] Embed Pods Frameworks";
			outputPaths = (
			);
			runOnlyForDeploymentPostprocessing = 0;
			shellPath = /bin/sh;
			shellScript = "\"${SRCROOT}/Pods/Target Support Files/Pods-Pregunta Lobo/Pods-Pregunta Lobo-frameworks.sh\"\n";
			showEnvVarsInLog = 0;
		};
		DF26D2153C0B8A6EA3527BE1 /* [CP] Check Pods Manifest.lock */ = {
			isa = PBXShellScriptBuildPhase;
			buildActionMask = 2147483647;
			files = (
			);
			inputPaths = (
			);
			name = "[CP] Check Pods Manifest.lock";
			outputPaths = (
			);
			runOnlyForDeploymentPostprocessing = 0;
			shellPath = /bin/sh;
			shellScript = "diff \"${PODS_PODFILE_DIR_PATH}/Podfile.lock\" \"${PODS_ROOT}/Manifest.lock\" > /dev/null\nif [ $? != 0 ] ; then\n    # print error to STDERR\n    echo \"error: The sandbox is not in sync with the Podfile.lock. Run 'pod install' or update your CocoaPods installation.\" >&2\n    exit 1\nfi\n";
			showEnvVarsInLog = 0;
		};
		E05E3FC3A3307C6FA9320F8E /* [CP] Copy Pods Resources */ = {
			isa = PBXShellScriptBuildPhase;
			buildActionMask = 2147483647;
			files = (
			);
			inputPaths = (
			);
			name = "[CP] Copy Pods Resources";
			outputPaths = (
			);
			runOnlyForDeploymentPostprocessing = 0;
			shellPath = /bin/sh;
			shellScript = "\"${SRCROOT}/Pods/Target Support Files/Pods-Pregunta Lobo/Pods-Pregunta Lobo-resources.sh\"\n";
			showEnvVarsInLog = 0;
		};
		F2CFF9283E355F507DBA83E2 /* [CP] Check Pods Manifest.lock */ = {
			isa = PBXShellScriptBuildPhase;
			buildActionMask = 2147483647;
			files = (
			);
			inputPaths = (
			);
			name = "[CP] Check Pods Manifest.lock";
			outputPaths = (
			);
			runOnlyForDeploymentPostprocessing = 0;
			shellPath = /bin/sh;
			shellScript = "diff \"${PODS_PODFILE_DIR_PATH}/Podfile.lock\" \"${PODS_ROOT}/Manifest.lock\" > /dev/null\nif [ $? != 0 ] ; then\n    # print error to STDERR\n    echo \"error: The sandbox is not in sync with the Podfile.lock. Run 'pod install' or update your CocoaPods installation.\" >&2\n    exit 1\nfi\n";
			showEnvVarsInLog = 0;
		};
		FF2EE980C1C5162DB2A4451D /* [CP] Embed Pods Frameworks */ = {
			isa = PBXShellScriptBuildPhase;
			buildActionMask = 2147483647;
			files = (
			);
			inputPaths = (
			);
			name = "[CP] Embed Pods Frameworks";
			outputPaths = (
			);
			runOnlyForDeploymentPostprocessing = 0;
			shellPath = /bin/sh;
			shellScript = "\"${SRCROOT}/Pods/Target Support Files/Pods-Pregunta LoboTests/Pods-Pregunta LoboTests-frameworks.sh\"\n";
			showEnvVarsInLog = 0;
		};
/* End PBXShellScriptBuildPhase section */

/* Begin PBXSourcesBuildPhase section */
		9A4EA1051B4737A0006E0EEE /* Sources */ = {
			isa = PBXSourcesBuildPhase;
			buildActionMask = 2147483647;
			files = (
				93E3D6F41BD7159A0063B0A6 /* Keywords.swift in Sources */,
				93E3D6F11BD7150E0063B0A6 /* Stack.swift in Sources */,
				9A480D7E1BB5B491000CC1DF /* AboutViewController.swift in Sources */,
				EA81D2E11BFD5B1B009707F1 /* MapModel.swift in Sources */,
				EA63DAEA1FFEFD5900A857EC /* FormattingDateGet.swift in Sources */,
				EA982339207BE90300C99C0D /* NotificationViewController.swift in Sources */,
				EA63DAE21FFEFC4000A857EC /* Events.swift in Sources */,
				93BE230C1CDBB05A003087C9 /* SocketIOManager.swift in Sources */,
				9A352A931B4F7446002D4363 /* MapViewController.swift in Sources */,
				9A469D8A1BCCA481005A4910 /* AbreviacionTableViewController.swift in Sources */,
				EA5FAEAB1DF9BE2000CDD694 /* TableViewCells.swift in Sources */,
				EA63DAE01FFEFBF500A857EC /* DesignableView.swift in Sources */,
				9A4EA1111B4737A0006E0EEE /* QuestionViewController.swift in Sources */,
				93E3D6ED1BD714ED0063B0A6 /* Node.swift in Sources */,
				EA63DAE61FFEFCCE00A857EC /* addToCalendarViewController.swift in Sources */,
				EA982342207BF39E00C99C0D /* CoreDataHandler.swift in Sources */,
				93BE22DF1CDBAFF9003087C9 /* AppDelegate.swift in Sources */,
				93E3D6E31BD711440063B0A6 /* FMDatabaseAdditions.m in Sources */,
				937CCA451BE7EE0700532B59 /* InfoModel.swift in Sources */,
				93E3D6E61BD711440063B0A6 /* FMResultSet.m in Sources */,
				93E3D6F61BD715A50063B0A6 /* Concepts.swift in Sources */,
				93B3DCC51BE291490048BEA8 /* InfoViewController.swift in Sources */,
				937CCA431BE7E82B00532B59 /* AbreviacionModel.swift in Sources */,
				EA8B84CE1BFD44D700C61DD8 /* MapInfoViewController.swift in Sources */,
				9A352A911B4F7256002D4363 /* CategoriesTableViewController.swift in Sources */,
				EA81D2DC1BFD58DD009707F1 /* TablaMapa.swift in Sources */,
				EA81D2E31BFD5FE7009707F1 /* MapInfoModel.swift in Sources */,
				93E3D6EF1BD715040063B0A6 /* List.swift in Sources */,
				93E3D6F81BD715AE0063B0A6 /* Answers.swift in Sources */,
				EA63DAE81FFEFD0700A857EC /* CustomTableViewCell.swift in Sources */,
				93E3D6E41BD711440063B0A6 /* FMDatabasePool.m in Sources */,
				9318B2CA1BE6ED3D00C34E9B /* CategoriesModel.swift in Sources */,
				EA63DADD1FFEFA2E00A857EC /* CalendarViewController.swift in Sources */,
				EA5FAEA91DF9BE1600CDD694 /* switchTableView.swift in Sources */,
				939B7A731C7F73FB00035005 /* CosmosDistrib.swift in Sources */,
				93E3D6E51BD711440063B0A6 /* FMDatabaseQueue.m in Sources */,
				9396880B1BE2876E00538389 /* TablaAsociaciones.swift in Sources */,
				9A42DB461C251F2300B4DDDE /* WeatherViewController.swift in Sources */,
				93BE22DD1CDBAFDA003087C9 /* Utility.swift in Sources */,
				EA98233D207BEA5D00C99C0D /* viewControllerTableViewCell.swift in Sources */,
				EAFD845B207D2D2B00F38F46 /* TopicDataHandler.swift in Sources */,
				EA60560320012B5900EB1F22 /* buttonDesign.swift in Sources */,
				EA982340207BED9700C99C0D /* CoreDataModel.xcdatamodeld in Sources */,
				93C25E211C09330D00F2301D /* WriteToTextFIle.swift in Sources */,
				93E3D6E21BD711440063B0A6 /* FMDatabase.m in Sources */,
				EA63DAE41FFEFC7700A857EC /* detailsViewController.swift in Sources */,
				EA98233B207BE97A00C99C0D /* NotificationModel.swift in Sources */,
				93E3D6FC1BD716640063B0A6 /* QuestionModel.swift in Sources */,
			);
			runOnlyForDeploymentPostprocessing = 0;
		};
		9A4EA11A1B4737A0006E0EEE /* Sources */ = {
			isa = PBXSourcesBuildPhase;
			buildActionMask = 2147483647;
			files = (
				9A4EA1251B4737A0006E0EEE /* Pregunta_Lobo_First_PrototypeTests.swift in Sources */,
			);
			runOnlyForDeploymentPostprocessing = 0;
		};
/* End PBXSourcesBuildPhase section */

/* Begin PBXTargetDependency section */
		9A4EA1201B4737A0006E0EEE /* PBXTargetDependency */ = {
			isa = PBXTargetDependency;
			target = 9A4EA1081B4737A0006E0EEE /* Pregunta Lobo */;
			targetProxy = 9A4EA11F1B4737A0006E0EEE /* PBXContainerItemProxy */;
		};
/* End PBXTargetDependency section */

/* Begin PBXVariantGroup section */
		9A4EA1121B4737A0006E0EEE /* Main.storyboard */ = {
			isa = PBXVariantGroup;
			children = (
				9A4EA1131B4737A0006E0EEE /* Base */,
			);
			name = Main.storyboard;
			sourceTree = "<group>";
		};
		9A4EA1171B4737A0006E0EEE /* LaunchScreen.xib */ = {
			isa = PBXVariantGroup;
			children = (
				9A4EA1181B4737A0006E0EEE /* Base */,
			);
			name = LaunchScreen.xib;
			sourceTree = "<group>";
		};
		EA2E00BA1DFAF09900CFA07D /* iPod.storyboard */ = {
			isa = PBXVariantGroup;
			children = (
				EA2E00B91DFAF09900CFA07D /* Base */,
			);
			name = iPod.storyboard;
			sourceTree = "<group>";
		};
/* End PBXVariantGroup section */

/* Begin XCBuildConfiguration section */
		9A4EA1261B4737A0006E0EEE /* Debug */ = {
			isa = XCBuildConfiguration;
			buildSettings = {
				ALWAYS_SEARCH_USER_PATHS = NO;
				CLANG_CXX_LANGUAGE_STANDARD = "gnu++0x";
				CLANG_CXX_LIBRARY = "libc++";
				CLANG_ENABLE_MODULES = YES;
				CLANG_ENABLE_OBJC_ARC = YES;
				CLANG_WARN_BLOCK_CAPTURE_AUTORELEASING = YES;
				CLANG_WARN_BOOL_CONVERSION = YES;
				CLANG_WARN_COMMA = YES;
				CLANG_WARN_CONSTANT_CONVERSION = YES;
				CLANG_WARN_DIRECT_OBJC_ISA_USAGE = YES_ERROR;
				CLANG_WARN_EMPTY_BODY = YES;
				CLANG_WARN_ENUM_CONVERSION = YES;
				CLANG_WARN_INFINITE_RECURSION = YES;
				CLANG_WARN_INT_CONVERSION = YES;
				CLANG_WARN_NON_LITERAL_NULL_CONVERSION = YES;
				CLANG_WARN_OBJC_LITERAL_CONVERSION = YES;
				CLANG_WARN_OBJC_ROOT_CLASS = YES_ERROR;
				CLANG_WARN_RANGE_LOOP_ANALYSIS = YES;
				CLANG_WARN_STRICT_PROTOTYPES = YES;
				CLANG_WARN_SUSPICIOUS_MOVE = YES;
				CLANG_WARN_UNREACHABLE_CODE = YES;
				CLANG_WARN__DUPLICATE_METHOD_MATCH = YES;
				"CODE_SIGN_IDENTITY[sdk=iphoneos*]" = "iPhone Developer";
				COPY_PHASE_STRIP = NO;
				DEBUG_INFORMATION_FORMAT = "dwarf-with-dsym";
				ENABLE_STRICT_OBJC_MSGSEND = YES;
				ENABLE_TESTABILITY = YES;
				GCC_C_LANGUAGE_STANDARD = gnu99;
				GCC_DYNAMIC_NO_PIC = NO;
				GCC_NO_COMMON_BLOCKS = YES;
				GCC_OPTIMIZATION_LEVEL = 0;
				GCC_PREPROCESSOR_DEFINITIONS = (
					"DEBUG=1",
					"$(inherited)",
				);
				GCC_SYMBOLS_PRIVATE_EXTERN = NO;
				GCC_WARN_64_TO_32_BIT_CONVERSION = YES;
				GCC_WARN_ABOUT_RETURN_TYPE = YES_ERROR;
				GCC_WARN_UNDECLARED_SELECTOR = YES;
				GCC_WARN_UNINITIALIZED_AUTOS = YES_AGGRESSIVE;
				GCC_WARN_UNUSED_FUNCTION = YES;
				GCC_WARN_UNUSED_VARIABLE = YES;
				IPHONEOS_DEPLOYMENT_TARGET = 11.2;
				MTL_ENABLE_DEBUG_INFO = YES;
				ONLY_ACTIVE_ARCH = YES;
				SDKROOT = iphoneos;
				SWIFT_OPTIMIZATION_LEVEL = "-Onone";
				SWIFT_VERSION = "";
				TARGETED_DEVICE_FAMILY = "1,2";
			};
			name = Debug;
		};
		9A4EA1271B4737A0006E0EEE /* Release */ = {
			isa = XCBuildConfiguration;
			buildSettings = {
				ALWAYS_SEARCH_USER_PATHS = NO;
				CLANG_CXX_LANGUAGE_STANDARD = "gnu++0x";
				CLANG_CXX_LIBRARY = "libc++";
				CLANG_ENABLE_MODULES = YES;
				CLANG_ENABLE_OBJC_ARC = YES;
				CLANG_WARN_BLOCK_CAPTURE_AUTORELEASING = YES;
				CLANG_WARN_BOOL_CONVERSION = YES;
				CLANG_WARN_COMMA = YES;
				CLANG_WARN_CONSTANT_CONVERSION = YES;
				CLANG_WARN_DIRECT_OBJC_ISA_USAGE = YES_ERROR;
				CLANG_WARN_EMPTY_BODY = YES;
				CLANG_WARN_ENUM_CONVERSION = YES;
				CLANG_WARN_INFINITE_RECURSION = YES;
				CLANG_WARN_INT_CONVERSION = YES;
				CLANG_WARN_NON_LITERAL_NULL_CONVERSION = YES;
				CLANG_WARN_OBJC_LITERAL_CONVERSION = YES;
				CLANG_WARN_OBJC_ROOT_CLASS = YES_ERROR;
				CLANG_WARN_RANGE_LOOP_ANALYSIS = YES;
				CLANG_WARN_STRICT_PROTOTYPES = YES;
				CLANG_WARN_SUSPICIOUS_MOVE = YES;
				CLANG_WARN_UNREACHABLE_CODE = YES;
				CLANG_WARN__DUPLICATE_METHOD_MATCH = YES;
				"CODE_SIGN_IDENTITY[sdk=iphoneos*]" = "iPhone Developer";
				COPY_PHASE_STRIP = NO;
				DEBUG_INFORMATION_FORMAT = "dwarf-with-dsym";
				ENABLE_NS_ASSERTIONS = NO;
				ENABLE_STRICT_OBJC_MSGSEND = YES;
				GCC_C_LANGUAGE_STANDARD = gnu99;
				GCC_NO_COMMON_BLOCKS = YES;
				GCC_WARN_64_TO_32_BIT_CONVERSION = YES;
				GCC_WARN_ABOUT_RETURN_TYPE = YES_ERROR;
				GCC_WARN_UNDECLARED_SELECTOR = YES;
				GCC_WARN_UNINITIALIZED_AUTOS = YES_AGGRESSIVE;
				GCC_WARN_UNUSED_FUNCTION = YES;
				GCC_WARN_UNUSED_VARIABLE = YES;
				IPHONEOS_DEPLOYMENT_TARGET = 11.2;
				MTL_ENABLE_DEBUG_INFO = NO;
				SDKROOT = iphoneos;
				SWIFT_OPTIMIZATION_LEVEL = "-Owholemodule";
				SWIFT_VERSION = "";
				TARGETED_DEVICE_FAMILY = "1,2";
				VALIDATE_PRODUCT = YES;
			};
			name = Release;
		};
		9A4EA1291B4737A0006E0EEE /* Debug */ = {
			isa = XCBuildConfiguration;
			baseConfigurationReference = 90F9517F33EDFAB8E186C5D3 /* Pods-Pregunta Lobo.debug.xcconfig */;
			buildSettings = {
				ALWAYS_EMBED_SWIFT_STANDARD_LIBRARIES = YES;
				ASSETCATALOG_COMPILER_APPICON_NAME = AppIcon;
				CLANG_ENABLE_MODULES = YES;
				CODE_SIGN_ENTITLEMENTS = "Pregunta Lobo.entitlements";
				CODE_SIGN_IDENTITY = "iPhone Developer";
				"CODE_SIGN_IDENTITY[sdk=*]" = "iPhone Developer";
				INFOPLIST_FILE = "Pregunta Lobo First Prototype/Info.plist";
				IPHONEOS_DEPLOYMENT_TARGET = 10.3;
				LD_RUNPATH_SEARCH_PATHS = "$(inherited) @executable_path/Frameworks";
				PRODUCT_BUNDLE_IDENTIFIER = "com.CAM-UPRA-Pregunta-Lobo";
				PRODUCT_NAME = "Pregunta Lobo";
				PROVISIONING_PROFILE = "";
				SWIFT_OBJC_BRIDGING_HEADER = "Pregunta Lobo First Prototype/Pregunta Lobo First Prototype-Bridging-Header.h";
				SWIFT_OPTIMIZATION_LEVEL = "-Onone";
				SWIFT_VERSION = 3.0;
			};
			name = Debug;
		};
		9A4EA12A1B4737A0006E0EEE /* Release */ = {
			isa = XCBuildConfiguration;
			baseConfigurationReference = 35E6CAA3116EB9A10BB12F84 /* Pods-Pregunta Lobo.release.xcconfig */;
			buildSettings = {
				ALWAYS_EMBED_SWIFT_STANDARD_LIBRARIES = YES;
				ASSETCATALOG_COMPILER_APPICON_NAME = AppIcon;
				CLANG_ENABLE_MODULES = YES;
				CODE_SIGN_ENTITLEMENTS = "Pregunta Lobo.entitlements";
				CODE_SIGN_IDENTITY = "iPhone Developer";
				"CODE_SIGN_IDENTITY[sdk=*]" = "iPhone Developer";
				INFOPLIST_FILE = "Pregunta Lobo First Prototype/Info.plist";
				IPHONEOS_DEPLOYMENT_TARGET = 10.3;
				LD_RUNPATH_SEARCH_PATHS = "$(inherited) @executable_path/Frameworks";
				PRODUCT_BUNDLE_IDENTIFIER = "com.CAM-UPRA-Pregunta-Lobo";
				PRODUCT_NAME = "Pregunta Lobo";
				PROVISIONING_PROFILE = "";
				SWIFT_OBJC_BRIDGING_HEADER = "Pregunta Lobo First Prototype/Pregunta Lobo First Prototype-Bridging-Header.h";
				SWIFT_VERSION = 3.0;
			};
			name = Release;
		};
		9A4EA12C1B4737A0006E0EEE /* Debug */ = {
			isa = XCBuildConfiguration;
			baseConfigurationReference = F53FD0CD6DCE8499D6D43AC4 /* Pods-Pregunta LoboTests.debug.xcconfig */;
			buildSettings = {
				BUNDLE_LOADER = "$(TEST_HOST)";
				FRAMEWORK_SEARCH_PATHS = (
					"$(SDKROOT)/Developer/Library/Frameworks",
					"$(inherited)",
				);
				GCC_PREPROCESSOR_DEFINITIONS = (
					"DEBUG=1",
					"$(inherited)",
				);
				INFOPLIST_FILE = "Pregunta Lobo First PrototypeTests/Info.plist";
				LD_RUNPATH_SEARCH_PATHS = "$(inherited) @executable_path/Frameworks @loader_path/Frameworks";
				PRODUCT_BUNDLE_IDENTIFIER = "com.cheylianierivera.$(PRODUCT_NAME:rfc1034identifier)";
				PRODUCT_NAME = "Pregunta Lobo";
				TEST_HOST = "$(BUILT_PRODUCTS_DIR)/Pregunta Lobo.app/Pregunta Lobo";
			};
			name = Debug;
		};
		9A4EA12D1B4737A0006E0EEE /* Release */ = {
			isa = XCBuildConfiguration;
			baseConfigurationReference = 3C3F7995C1D2FAB134C2E7D9 /* Pods-Pregunta LoboTests.release.xcconfig */;
			buildSettings = {
				BUNDLE_LOADER = "$(TEST_HOST)";
				FRAMEWORK_SEARCH_PATHS = (
					"$(SDKROOT)/Developer/Library/Frameworks",
					"$(inherited)",
				);
				INFOPLIST_FILE = "Pregunta Lobo First PrototypeTests/Info.plist";
				LD_RUNPATH_SEARCH_PATHS = "$(inherited) @executable_path/Frameworks @loader_path/Frameworks";
				PRODUCT_BUNDLE_IDENTIFIER = "com.cheylianierivera.$(PRODUCT_NAME:rfc1034identifier)";
				PRODUCT_NAME = "Pregunta Lobo";
				TEST_HOST = "$(BUILT_PRODUCTS_DIR)/Pregunta Lobo.app/Pregunta Lobo";
			};
			name = Release;
		};
/* End XCBuildConfiguration section */

/* Begin XCConfigurationList section */
		9A4EA1041B4737A0006E0EEE /* Build configuration list for PBXProject "Pregunta Lobo" */ = {
			isa = XCConfigurationList;
			buildConfigurations = (
				9A4EA1261B4737A0006E0EEE /* Debug */,
				9A4EA1271B4737A0006E0EEE /* Release */,
			);
			defaultConfigurationIsVisible = 0;
			defaultConfigurationName = Release;
		};
		9A4EA1281B4737A0006E0EEE /* Build configuration list for PBXNativeTarget "Pregunta Lobo" */ = {
			isa = XCConfigurationList;
			buildConfigurations = (
				9A4EA1291B4737A0006E0EEE /* Debug */,
				9A4EA12A1B4737A0006E0EEE /* Release */,
			);
			defaultConfigurationIsVisible = 0;
			defaultConfigurationName = Release;
		};
		9A4EA12B1B4737A0006E0EEE /* Build configuration list for PBXNativeTarget "Pregunta LoboTests" */ = {
			isa = XCConfigurationList;
			buildConfigurations = (
				9A4EA12C1B4737A0006E0EEE /* Debug */,
				9A4EA12D1B4737A0006E0EEE /* Release */,
			);
			defaultConfigurationIsVisible = 0;
			defaultConfigurationName = Release;
		};
/* End XCConfigurationList section */

/* Begin XCVersionGroup section */
		EA98233E207BED9700C99C0D /* CoreDataModel.xcdatamodeld */ = {
			isa = XCVersionGroup;
			children = (
				EA98233F207BED9700C99C0D /* CoreDataModel.xcdatamodel */,
			);
			currentVersion = EA98233F207BED9700C99C0D /* CoreDataModel.xcdatamodel */;
			path = CoreDataModel.xcdatamodeld;
			sourceTree = "<group>";
			versionGroupType = wrapper.xcdatamodel;
		};
/* End XCVersionGroup section */
	};
	rootObject = 9A4EA1011B4737A0006E0EEE /* Project object */;
}
